
Microsoft Visual Studio Solution File, Format Version 12.00
# Visual Studio Version 17
VisualStudioVersion = 17.7.34003.232
MinimumVisualStudioVersion = 10.0.40219.1
Project("{FAE04EC0-301F-11D3-BF4B-00C04F79EFBC}") = "VideoJuego", "VideoJuego.csproj", "{BDDEC5E4-FF5B-46B3-9D46-2C70F5DEA4CE}"
EndProject
Global
	GlobalSection(SolutionConfigurationPlatforms) = preSolution
		Debug|Any CPU = Debug|Any CPU
		Release|Any CPU = Release|Any CPU
	EndGlobalSection
	GlobalSection(ProjectConfigurationPlatforms) = postSolution
		{BDDEC5E4-FF5B-46B3-9D46-2C70F5DEA4CE}.Debug|Any CPU.ActiveCfg = Debug|Any CPU
		{BDDEC5E4-FF5B-46B3-9D46-2C70F5DEA4CE}.Debug|Any CPU.Build.0 = Debug|Any CPU
		{BDDEC5E4-FF5B-46B3-9D46-2C70F5DEA4CE}.Release|Any CPU.ActiveCfg = Release|Any CPU
		{BDDEC5E4-FF5B-46B3-9D46-2C70F5DEA4CE}.Release|Any CPU.Build.0 = Release|Any CPU
	EndGlobalSection
	GlobalSection(SolutionProperties) = preSolution
		HideSolutionNode = FALSE
	EndGlobalSection
	GlobalSection(ExtensibilityGlobals) = postSolution
		SolutionGuid = {CD762AFE-DB28-4EA4-8C8E-FDB1BE0F7A1E}
	EndGlobalSection
EndGlobal
